
Microsoft Visual Studio Solution File, Format Version 12.00
# Visual Studio 15
VisualStudioVersion = 15.0.28010.2046
MinimumVisualStudioVersion = 10.0.40219.1
Project("{FAE04EC0-301F-11D3-BF4B-00C04F79EFBC}") = "DynamicDropdownBind", "DynamicDropdownBind\DynamicDropdownBind.csproj", "{02A1D781-6CC1-4C03-8DF5-98D36805B69B}"
EndProject
Global
	GlobalSection(SolutionConfigurationPlatforms) = preSolution
		Debug|Any CPU = Debug|Any CPU
		Release|Any CPU = Release|Any CPU
	EndGlobalSection
	GlobalSection(ProjectConfigurationPlatforms) = postSolution
		{02A1D781-6CC1-4C03-8DF5-98D36805B69B}.Debug|Any CPU.ActiveCfg = Debug|Any CPU
		{02A1D781-6CC1-4C03-8DF5-98D36805B69B}.Debug|Any CPU.Build.0 = Debug|Any CPU
		{02A1D781-6CC1-4C03-8DF5-98D36805B69B}.Release|Any CPU.ActiveCfg = Release|Any CPU
		{02A1D781-6CC1-4C03-8DF5-98D36805B69B}.Release|Any CPU.Build.0 = Release|Any CPU
	EndGlobalSection
	GlobalSection(SolutionProperties) = preSolution
		HideSolutionNode = FALSE
	EndGlobalSection
	GlobalSection(ExtensibilityGlobals) = postSolution
		SolutionGuid = {4ABE325D-EA71-4FC4-B624-DA72205692E8}
	EndGlobalSection
EndGlobal
